
Microsoft Visual Studio Solution File, Format Version 12.00
# Visual Studio 15
Project("{FAE04EC0-301F-11D3-BF4B-00C04F79EFBC}") = "Assembly-CSharp", "Assembly-CSharp.csproj", "{F2277650-5883-D58F-99B4-112D2DCF0C75}"
EndProject
Project("{FAE04EC0-301F-11D3-BF4B-00C04F79EFBC}") = "Assembly-CSharp-Editor", "Assembly-CSharp-Editor.csproj", "{AF5FFDE8-CC0C-339F-C5C5-C0D283E013A1}"
EndProject
Global
	GlobalSection(SolutionConfigurationPlatforms) = preSolution
		Debug|Any CPU = Debug|Any CPU
		Release|Any CPU = Release|Any CPU
	EndGlobalSection
	GlobalSection(ProjectConfigurationPlatforms) = postSolution
		{F2277650-5883-D58F-99B4-112D2DCF0C75}.Debug|Any CPU.ActiveCfg = Debug|Any CPU
		{F2277650-5883-D58F-99B4-112D2DCF0C75}.Debug|Any CPU.Build.0 = Debug|Any CPU
		{F2277650-5883-D58F-99B4-112D2DCF0C75}.Release|Any CPU.ActiveCfg = Release|Any CPU
		{F2277650-5883-D58F-99B4-112D2DCF0C75}.Release|Any CPU.Build.0 = Release|Any CPU
		{AF5FFDE8-CC0C-339F-C5C5-C0D283E013A1}.Debug|Any CPU.ActiveCfg = Debug|Any CPU
		{AF5FFDE8-CC0C-339F-C5C5-C0D283E013A1}.Debug|Any CPU.Build.0 = Debug|Any CPU
		{AF5FFDE8-CC0C-339F-C5C5-C0D283E013A1}.Release|Any CPU.ActiveCfg = Release|Any CPU
		{AF5FFDE8-CC0C-339F-C5C5-C0D283E013A1}.Release|Any CPU.Build.0 = Release|Any CPU
	EndGlobalSection
	GlobalSection(SolutionProperties) = preSolution
		HideSolutionNode = FALSE
	EndGlobalSection
EndGlobal
